
Microsoft Visual Studio Solution File, Format Version 12.00
# Visual Studio 15
VisualStudioVersion = 15.0.28010.2026
MinimumVisualStudioVersion = 10.0.40219.1
Project("{FAE04EC0-301F-11D3-BF4B-00C04F79EFBC}") = "DapperDemo", "DapperDemo\DapperDemo.csproj", "{C162F947-901E-491C-AB0C-A615FEEFD712}"
EndProject
Global
	GlobalSection(SolutionConfigurationPlatforms) = preSolution
		Debug|Any CPU = Debug|Any CPU
		Release|Any CPU = Release|Any CPU
	EndGlobalSection
	GlobalSection(ProjectConfigurationPlatforms) = postSolution
		{C162F947-901E-491C-AB0C-A615FEEFD712}.Debug|Any CPU.ActiveCfg = Debug|Any CPU
		{C162F947-901E-491C-AB0C-A615FEEFD712}.Debug|Any CPU.Build.0 = Debug|Any CPU
		{C162F947-901E-491C-AB0C-A615FEEFD712}.Release|Any CPU.ActiveCfg = Release|Any CPU
		{C162F947-901E-491C-AB0C-A615FEEFD712}.Release|Any CPU.Build.0 = Release|Any CPU
	EndGlobalSection
	GlobalSection(SolutionProperties) = preSolution
		HideSolutionNode = FALSE
	EndGlobalSection
	GlobalSection(ExtensibilityGlobals) = postSolution
		SolutionGuid = {2E777703-2803-4DAE-8272-58553C8BC449}
	EndGlobalSection
EndGlobal
